
Microsoft Visual Studio Solution File, Format Version 12.00
# Visual Studio Version 16
VisualStudioVersion = 16.0.29911.84
MinimumVisualStudioVersion = 10.0.40219.1
Project("{FAE04EC0-301F-11D3-BF4B-00C04F79EFBC}") = "MenuJungleLibrary", "MenuJungleLibrary\MenuJungleLibrary.csproj", "{E261408A-1256-417F-AF73-CF14E4DAA955}"
EndProject
Project("{FAE04EC0-301F-11D3-BF4B-00C04F79EFBC}") = "MenuJungleConsoleUI", "MenuJungleConsoleUI\MenuJungleConsoleUI.csproj", "{74A7ACBD-7A88-4AA3-8359-B68B872A096F}"
EndProject
Global
	GlobalSection(SolutionConfigurationPlatforms) = preSolution
		Debug|Any CPU = Debug|Any CPU
		Release|Any CPU = Release|Any CPU
	EndGlobalSection
	GlobalSection(ProjectConfigurationPlatforms) = postSolution
		{E261408A-1256-417F-AF73-CF14E4DAA955}.Debug|Any CPU.ActiveCfg = Debug|Any CPU
		{E261408A-1256-417F-AF73-CF14E4DAA955}.Debug|Any CPU.Build.0 = Debug|Any CPU
		{E261408A-1256-417F-AF73-CF14E4DAA955}.Release|Any CPU.ActiveCfg = Release|Any CPU
		{E261408A-1256-417F-AF73-CF14E4DAA955}.Release|Any CPU.Build.0 = Release|Any CPU
		{74A7ACBD-7A88-4AA3-8359-B68B872A096F}.Debug|Any CPU.ActiveCfg = Debug|Any CPU
		{74A7ACBD-7A88-4AA3-8359-B68B872A096F}.Debug|Any CPU.Build.0 = Debug|Any CPU
		{74A7ACBD-7A88-4AA3-8359-B68B872A096F}.Release|Any CPU.ActiveCfg = Release|Any CPU
		{74A7ACBD-7A88-4AA3-8359-B68B872A096F}.Release|Any CPU.Build.0 = Release|Any CPU
	EndGlobalSection
	GlobalSection(SolutionProperties) = preSolution
		HideSolutionNode = FALSE
	EndGlobalSection
	GlobalSection(ExtensibilityGlobals) = postSolution
		SolutionGuid = {C9637D2A-1D6A-4E78-8344-6244935FCD7D}
	EndGlobalSection
EndGlobal
